
Microsoft Visual Studio Solution File, Format Version 12.00
# Visual Studio Version 16
VisualStudioVersion = 16.0.29926.136
MinimumVisualStudioVersion = 10.0.40219.1
Project("{9A19103F-16F7-4668-BE54-9A1E7A4F7556}") = "Zaginiony24", "Zaginiony24\Zaginiony24.csproj", "{348376D7-7EBC-4E3E-BEC5-5E06B5F2916C}"
EndProject
Global
	GlobalSection(SolutionConfigurationPlatforms) = preSolution
		Debug|Any CPU = Debug|Any CPU
		Release|Any CPU = Release|Any CPU
	EndGlobalSection
	GlobalSection(ProjectConfigurationPlatforms) = postSolution
		{348376D7-7EBC-4E3E-BEC5-5E06B5F2916C}.Debug|Any CPU.ActiveCfg = Debug|Any CPU
		{348376D7-7EBC-4E3E-BEC5-5E06B5F2916C}.Debug|Any CPU.Build.0 = Debug|Any CPU
		{348376D7-7EBC-4E3E-BEC5-5E06B5F2916C}.Release|Any CPU.ActiveCfg = Release|Any CPU
		{348376D7-7EBC-4E3E-BEC5-5E06B5F2916C}.Release|Any CPU.Build.0 = Release|Any CPU
	EndGlobalSection
	GlobalSection(SolutionProperties) = preSolution
		HideSolutionNode = FALSE
	EndGlobalSection
	GlobalSection(ExtensibilityGlobals) = postSolution
		SolutionGuid = {4ED6E0D0-F93C-4F13-BFEB-875150C44820}
	EndGlobalSection
EndGlobal
